
Microsoft Visual Studio Solution File, Format Version 12.00
# Visual Studio Version 17
VisualStudioVersion = 17.0.31903.59
MinimumVisualStudioVersion = 10.0.40219.1
Project("{2150E333-8FDC-42A3-9474-1A3956D46DE8}") = "src", "src", "{827E0CD3-B72D-47B6-A68D-7590B98EB39B}"
EndProject
Project("{FAE04EC0-301F-11D3-BF4B-00C04F79EFBC}") = "GameOfDrones.Domain", "src\GameOfDrones.Domain\GameOfDrones.Domain.csproj", "{7FD939DC-6CEF-43C4-8F17-0EC07EE4FD80}"
EndProject
Project("{FAE04EC0-301F-11D3-BF4B-00C04F79EFBC}") = "GameOfDrones.Infrastructure", "src\GameOfDrones.Infrastructure\GameOfDrones.Infrastructure.csproj", "{FCE17862-E0B4-48C6-B700-F1BFBED0282A}"
EndProject
Project("{FAE04EC0-301F-11D3-BF4B-00C04F79EFBC}") = "GameOfDrones.Api", "src\GameOfDrones.Api\GameOfDrones.Api.csproj", "{62439141-B52E-431C-9F2F-0C5C8EA2E6AF}"
EndProject
Project("{2150E333-8FDC-42A3-9474-1A3956D46DE8}") = "tests", "tests", "{0AB3BF05-4346-4AA6-1389-037BE0695223}"
EndProject
Project("{FAE04EC0-301F-11D3-BF4B-00C04F79EFBC}") = "GameOfDrones.Domain.Tests", "tests\GameOfDrones.Domain.Tests\GameOfDrones.Domain.Tests.csproj", "{CDFE2784-6350-4B27-8DD5-5F94FB34B3A5}"
EndProject
Project("{FAE04EC0-301F-11D3-BF4B-00C04F79EFBC}") = "GameOfDrones.Api.Tests", "tests\GameOfDrones.Api.Tests\GameOfDrones.Api.Tests.csproj", "{933BC357-A622-484A-B13C-143C6D479953}"
EndProject
Global
	GlobalSection(SolutionConfigurationPlatforms) = preSolution
		Debug|Any CPU = Debug|Any CPU
		Debug|x64 = Debug|x64
		Debug|x86 = Debug|x86
		Release|Any CPU = Release|Any CPU
		Release|x64 = Release|x64
		Release|x86 = Release|x86
	EndGlobalSection
	GlobalSection(ProjectConfigurationPlatforms) = postSolution
		{7FD939DC-6CEF-43C4-8F17-0EC07EE4FD80}.Debug|Any CPU.ActiveCfg = Debug|Any CPU
		{7FD939DC-6CEF-43C4-8F17-0EC07EE4FD80}.Debug|Any CPU.Build.0 = Debug|Any CPU
		{7FD939DC-6CEF-43C4-8F17-0EC07EE4FD80}.Debug|x64.ActiveCfg = Debug|Any CPU
		{7FD939DC-6CEF-43C4-8F17-0EC07EE4FD80}.Debug|x64.Build.0 = Debug|Any CPU
		{7FD939DC-6CEF-43C4-8F17-0EC07EE4FD80}.Debug|x86.ActiveCfg = Debug|Any CPU
		{7FD939DC-6CEF-43C4-8F17-0EC07EE4FD80}.Debug|x86.Build.0 = Debug|Any CPU
		{7FD939DC-6CEF-43C4-8F17-0EC07EE4FD80}.Release|Any CPU.ActiveCfg = Release|Any CPU
		{7FD939DC-6CEF-43C4-8F17-0EC07EE4FD80}.Release|Any CPU.Build.0 = Release|Any CPU
		{7FD939DC-6CEF-43C4-8F17-0EC07EE4FD80}.Release|x64.ActiveCfg = Release|Any CPU
		{7FD939DC-6CEF-43C4-8F17-0EC07EE4FD80}.Release|x64.Build.0 = Release|Any CPU
		{7FD939DC-6CEF-43C4-8F17-0EC07EE4FD80}.Release|x86.ActiveCfg = Release|Any CPU
		{7FD939DC-6CEF-43C4-8F17-0EC07EE4FD80}.Release|x86.Build.0 = Release|Any CPU
		{FCE17862-E0B4-48C6-B700-F1BFBED0282A}.Debug|Any CPU.ActiveCfg = Debug|Any CPU
		{FCE17862-E0B4-48C6-B700-F1BFBED0282A}.Debug|Any CPU.Build.0 = Debug|Any CPU
		{FCE17862-E0B4-48C6-B700-F1BFBED0282A}.Debug|x64.ActiveCfg = Debug|Any CPU
		{FCE17862-E0B4-48C6-B700-F1BFBED0282A}.Debug|x64.Build.0 = Debug|Any CPU
		{FCE17862-E0B4-48C6-B700-F1BFBED0282A}.Debug|x86.ActiveCfg = Debug|Any CPU
		{FCE17862-E0B4-48C6-B700-F1BFBED0282A}.Debug|x86.Build.0 = Debug|Any CPU
		{FCE17862-E0B4-48C6-B700-F1BFBED0282A}.Release|Any CPU.ActiveCfg = Release|Any CPU
		{FCE17862-E0B4-48C6-B700-F1BFBED0282A}.Release|Any CPU.Build.0 = Release|Any CPU
		{FCE17862-E0B4-48C6-B700-F1BFBED0282A}.Release|x64.ActiveCfg = Release|Any CPU
		{FCE17862-E0B4-48C6-B700-F1BFBED0282A}.Release|x64.Build.0 = Release|Any CPU
		{FCE17862-E0B4-48C6-B700-F1BFBED0282A}.Release|x86.ActiveCfg = Release|Any CPU
		{FCE17862-E0B4-48C6-B700-F1BFBED0282A}.Release|x86.Build.0 = Release|Any CPU
		{62439141-B52E-431C-9F2F-0C5C8EA2E6AF}.Debug|Any CPU.ActiveCfg = Debug|Any CPU
		{62439141-B52E-431C-9F2F-0C5C8EA2E6AF}.Debug|Any CPU.Build.0 = Debug|Any CPU
		{62439141-B52E-431C-9F2F-0C5C8EA2E6AF}.Debug|x64.ActiveCfg = Debug|Any CPU
		{62439141-B52E-431C-9F2F-0C5C8EA2E6AF}.Debug|x64.Build.0 = Debug|Any CPU
		{62439141-B52E-431C-9F2F-0C5C8EA2E6AF}.Debug|x86.ActiveCfg = Debug|Any CPU
		{62439141-B52E-431C-9F2F-0C5C8EA2E6AF}.Debug|x86.Build.0 = Debug|Any CPU
		{62439141-B52E-431C-9F2F-0C5C8EA2E6AF}.Release|Any CPU.ActiveCfg = Release|Any CPU
		{62439141-B52E-431C-9F2F-0C5C8EA2E6AF}.Release|Any CPU.Build.0 = Release|Any CPU
		{62439141-B52E-431C-9F2F-0C5C8EA2E6AF}.Release|x64.ActiveCfg = Release|Any CPU
		{62439141-B52E-431C-9F2F-0C5C8EA2E6AF}.Release|x64.Build.0 = Release|Any CPU
		{62439141-B52E-431C-9F2F-0C5C8EA2E6AF}.Release|x86.ActiveCfg = Release|Any CPU
		{62439141-B52E-431C-9F2F-0C5C8EA2E6AF}.Release|x86.Build.0 = Release|Any CPU
		{CDFE2784-6350-4B27-8DD5-5F94FB34B3A5}.Debug|Any CPU.ActiveCfg = Debug|Any CPU
		{CDFE2784-6350-4B27-8DD5-5F94FB34B3A5}.Debug|Any CPU.Build.0 = Debug|Any CPU
		{CDFE2784-6350-4B27-8DD5-5F94FB34B3A5}.Debug|x64.ActiveCfg = Debug|Any CPU
		{CDFE2784-6350-4B27-8DD5-5F94FB34B3A5}.Debug|x64.Build.0 = Debug|Any CPU
		{CDFE2784-6350-4B27-8DD5-5F94FB34B3A5}.Debug|x86.ActiveCfg = Debug|Any CPU
		{CDFE2784-6350-4B27-8DD5-5F94FB34B3A5}.Debug|x86.Build.0 = Debug|Any CPU
		{CDFE2784-6350-4B27-8DD5-5F94FB34B3A5}.Release|Any CPU.ActiveCfg = Release|Any CPU
		{CDFE2784-6350-4B27-8DD5-5F94FB34B3A5}.Release|Any CPU.Build.0 = Release|Any CPU
		{CDFE2784-6350-4B27-8DD5-5F94FB34B3A5}.Release|x64.ActiveCfg = Release|Any CPU
		{CDFE2784-6350-4B27-8DD5-5F94FB34B3A5}.Release|x64.Build.0 = Release|Any CPU
		{CDFE2784-6350-4B27-8DD5-5F94FB34B3A5}.Release|x86.ActiveCfg = Release|Any CPU
		{CDFE2784-6350-4B27-8DD5-5F94FB34B3A5}.Release|x86.Build.0 = Release|Any CPU
		{933BC357-A622-484A-B13C-143C6D479953}.Debug|Any CPU.ActiveCfg = Debug|Any CPU
		{933BC357-A622-484A-B13C-143C6D479953}.Debug|Any CPU.Build.0 = Debug|Any CPU
		{933BC357-A622-484A-B13C-143C6D479953}.Debug|x64.ActiveCfg = Debug|Any CPU
		{933BC357-A622-484A-B13C-143C6D479953}.Debug|x64.Build.0 = Debug|Any CPU
		{933BC357-A622-484A-B13C-143C6D479953}.Debug|x86.ActiveCfg = Debug|Any CPU
		{933BC357-A622-484A-B13C-143C6D479953}.Debug|x86.Build.0 = Debug|Any CPU
		{933BC357-A622-484A-B13C-143C6D479953}.Release|Any CPU.ActiveCfg = Release|Any CPU
		{933BC357-A622-484A-B13C-143C6D479953}.Release|Any CPU.Build.0 = Release|Any CPU
		{933BC357-A622-484A-B13C-143C6D479953}.Release|x64.ActiveCfg = Release|Any CPU
		{933BC357-A622-484A-B13C-143C6D479953}.Release|x64.Build.0 = Release|Any CPU
		{933BC357-A622-484A-B13C-143C6D479953}.Release|x86.ActiveCfg = Release|Any CPU
		{933BC357-A622-484A-B13C-143C6D479953}.Release|x86.Build.0 = Release|Any CPU
	EndGlobalSection
	GlobalSection(SolutionProperties) = preSolution
		HideSolutionNode = FALSE
	EndGlobalSection
	GlobalSection(NestedProjects) = preSolution
		{7FD939DC-6CEF-43C4-8F17-0EC07EE4FD80} = {827E0CD3-B72D-47B6-A68D-7590B98EB39B}
		{FCE17862-E0B4-48C6-B700-F1BFBED0282A} = {827E0CD3-B72D-47B6-A68D-7590B98EB39B}
		{62439141-B52E-431C-9F2F-0C5C8EA2E6AF} = {827E0CD3-B72D-47B6-A68D-7590B98EB39B}
		{CDFE2784-6350-4B27-8DD5-5F94FB34B3A5} = {0AB3BF05-4346-4AA6-1389-037BE0695223}
		{933BC357-A622-484A-B13C-143C6D479953} = {0AB3BF05-4346-4AA6-1389-037BE0695223}
	EndGlobalSection
EndGlobal
